
Microsoft Visual Studio Solution File, Format Version 12.00
# Visual Studio Version 17
VisualStudioVersion = 17.2.32616.157
MinimumVisualStudioVersion = 10.0.40219.1
Project("{FAE04EC0-301F-11D3-BF4B-00C04F79EFBC}") = "UsuariosApi", "UsuariosApi\UsuariosApi.csproj", "{474B80FF-62D7-4DA2-99D8-FA4E987FFCD8}"
EndProject
Global
	GlobalSection(SolutionConfigurationPlatforms) = preSolution
		Debug|Any CPU = Debug|Any CPU
		Release|Any CPU = Release|Any CPU
	EndGlobalSection
	GlobalSection(ProjectConfigurationPlatforms) = postSolution
		{474B80FF-62D7-4DA2-99D8-FA4E987FFCD8}.Debug|Any CPU.ActiveCfg = Debug|Any CPU
		{474B80FF-62D7-4DA2-99D8-FA4E987FFCD8}.Debug|Any CPU.Build.0 = Debug|Any CPU
		{474B80FF-62D7-4DA2-99D8-FA4E987FFCD8}.Release|Any CPU.ActiveCfg = Release|Any CPU
		{474B80FF-62D7-4DA2-99D8-FA4E987FFCD8}.Release|Any CPU.Build.0 = Release|Any CPU
	EndGlobalSection
	GlobalSection(SolutionProperties) = preSolution
		HideSolutionNode = FALSE
	EndGlobalSection
	GlobalSection(ExtensibilityGlobals) = postSolution
		SolutionGuid = {647BACA8-CCE8-4AA7-8167-2213FF5BABD2}
	EndGlobalSection
EndGlobal
